github.com/HimbeerserverDE/mt v0.0.0-20230608181626-b0bf21e31b42 h1:1ElDZQV07A/Iptgtq2pLNXD0ZV60wtd+7Hhjatfek34=
github.com/HimbeerserverDE/mt v0.0.0-20230608181626-b0bf21e31b42/go.mod h1:RSf7NAuQ5zZC6CTPj5ey/uXPHOdu/oiIvHT8tH3fWK8=
github.com/HimbeerserverDE/mt-multiserver-proxy v0.0.0-20230611121545-646324d22ef7 h1:1zbRjm/Ldpw1GGho666JwDR6IOr8Y7gbs+mKVR7mwQU=
github.com/HimbeerserverDE/mt-multiserver-proxy v0.0.0-20230611121545-646324d22ef7/go.mod h1:VlsvWJKW/IYAzfPvn85I6iBAHYMKLZGq5dcvnvnCkUI=
github.com/HimbeerserverDE/srp v0.0.0 h1:Iy2GIF7DJphXXO9NjncLEBO6VsZd8Yhrlxl/qTr09eE=
github.com/HimbeerserverDE/srp v0.0.0/go.mod h1:pxNH8S2nh4n2DWE0ToX5GnnDr/uEAuaAhJsCpkDLIWw=
github.com/klauspost/compress v1.16.5/go.mod h1:ntbaceVETuRiXiv4DpjP66DpAtAGkEQskQzEyD//IeE=
github.com/klauspost/compress v1.16.6 h1:91SKEy4K37vkp255cJ8QesJhjyRO0hn9i9G0GoUwLsk=
github.com/klauspost/compress v1.16.6/go.mod h1:ntbaceVETuRiXiv4DpjP66DpAtAGkEQskQzEyD//IeE=
