github.com/HimbeerserverDE/mt-multiserver-proxy v0.0.0-20210906195555-148aeea7015b h1:lHteVdyxi/9dktAoZagM97yA70Ps+IgjL0Cu29TmwD0=
github.com/HimbeerserverDE/mt-multiserver-proxy v0.0.0-20210906195555-148aeea7015b/go.mod h1:8xnFy8wsJTDIUkMExnTq5fdiUNbnL6udwytjRM6woDw=
github.com/HimbeerserverDE/mt-multiserver-proxy v0.0.0-20210906200942-88ca42519c2d h1:QnLP3wQxi+Mrb9XMCB++hCwWZtnnky1ukGGQiyMAIzs=
github.com/HimbeerserverDE/mt-multiserver-proxy v0.0.0-20210906200942-88ca42519c2d/go.mod h1:8xnFy8wsJTDIUkMExnTq5fdiUNbnL6udwytjRM6woDw=
github.com/HimbeerserverDE/mt-multiserver-proxy v0.0.0-20210906212316-fc03b5c6db34 h1:y9jZYc0u9uGAeZeZLAkOOaNdt9WTBNL3QdecaTHx4tQ=
github.com/HimbeerserverDE/mt-multiserver-proxy v0.0.0-20210906212316-fc03b5c6db34/go.mod h1:8xnFy8wsJTDIUkMExnTq5fdiUNbnL6udwytjRM6woDw=
github.com/HimbeerserverDE/mt-multiserver-proxy v0.0.0-20210906212651-d55fa7e1dfa9 h1:QN/6lYORl+xmMs09tGPDatpsaHDejBR8e+nISCezag4=
github.com/HimbeerserverDE/mt-multiserver-proxy v0.0.0-20210906212651-d55fa7e1dfa9/go.mod h1:8xnFy8wsJTDIUkMExnTq5fdiUNbnL6udwytjRM6woDw=
github.com/HimbeerserverDE/mt-multiserver-proxy v0.0.0-20210907171759-2e3d72cccc0e h1:kvwl8vAK93Ao1nlOZoheqZwlpjBp+wDOV+JNopF4LbM=
github.com/HimbeerserverDE/mt-multiserver-proxy v0.0.0-20210907171759-2e3d72cccc0e/go.mod h1:8xnFy8wsJTDIUkMExnTq5fdiUNbnL6udwytjRM6woDw=
github.com/HimbeerserverDE/mt-multiserver-proxy v0.0.0-20210909144031-4c5063b9f9c5 h1:nvADaR80KGq8T/M9CUaaPEv9irQBSzH3VMVXCmQoVlU=
github.com/HimbeerserverDE/mt-multiserver-proxy v0.0.0-20210909144031-4c5063b9f9c5/go.mod h1:8xnFy8wsJTDIUkMExnTq5fdiUNbnL6udwytjRM6woDw=
github.com/HimbeerserverDE/mt-multiserver-proxy v0.0.0-20210909152737-bcc9359996bf h1:93yW1WChwSdLy1bkCHesVQOFC9rZ4cu3/ncLQLdLkwc=
github.com/HimbeerserverDE/mt-multiserver-proxy v0.0.0-20210909152737-bcc9359996bf/go.mod h1:8xnFy8wsJTDIUkMExnTq5fdiUNbnL6udwytjRM6woDw=
github.com/HimbeerserverDE/mt-multiserver-proxy v0.0.0-20210909160525-4f15ec2a77e4 h1:aI7wyYQTG+9z8k8dAj2ih0ZKTXmBnGEkV5ji/ZP0MN4=
github.com/HimbeerserverDE/mt-multiserver-proxy v0.0.0-20210909160525-4f15ec2a77e4/go.mod h1:8xnFy8wsJTDIUkMExnTq5fdiUNbnL6udwytjRM6woDw=
github.com/HimbeerserverDE/mt-multiserver-proxy v0.0.0-20210909163043-b3f3765a07f4 h1:1YKel6f1UKc49DFS6EhZlK+q29k0RgfLmDllts+aN60=
github.com/HimbeerserverDE/mt-multiserver-proxy v0.0.0-20210909163043-b3f3765a07f4/go.mod h1:8xnFy8wsJTDIUkMExnTq5fdiUNbnL6udwytjRM6woDw=
github.com/HimbeerserverDE/mt-multiserver-proxy v0.0.0-20210909184036-e87116961b69 h1:1dUfBeRqyFq39keAxNQKrYkdPH774aVfULllgkGf3AI=
github.com/HimbeerserverDE/mt-multiserver-proxy v0.0.0-20210909184036-e87116961b69/go.mod h1:8xnFy8wsJTDIUkMExnTq5fdiUNbnL6udwytjRM6woDw=
github.com/HimbeerserverDE/mt-multiserver-proxy v0.0.0-20210909185315-5067bf94403c h1:i/ybvwyan8IisqAWGw2HLRha/nE85/eqY/Gua3Cju0k=
github.com/HimbeerserverDE/mt-multiserver-proxy v0.0.0-20210909185315-5067bf94403c/go.mod h1:8xnFy8wsJTDIUkMExnTq5fdiUNbnL6udwytjRM6woDw=
github.com/HimbeerserverDE/mt-multiserver-proxy v0.0.0-20210909190608-30ba9fb975f4 h1:Snh7nClp3v8Q/NnfDW96BPEt/RDWIq15w8yXPecsu0g=
github.com/HimbeerserverDE/mt-multiserver-proxy v0.0.0-20210909190608-30ba9fb975f4/go.mod h1:8xnFy8wsJTDIUkMExnTq5fdiUNbnL6udwytjRM6woDw=
github.com/HimbeerserverDE/mt-multiserver-proxy v0.0.0-20210910085031-1c5a72c3ef28 h1:WNkWZShOYp5tb1FfL7VxwjcOfGQJu4/9yF2vzHtRnwI=
github.com/HimbeerserverDE/mt-multiserver-proxy v0.0.0-20210910085031-1c5a72c3ef28/go.mod h1:ZzKonpQA3kCRaL9oXnASb1EL3c4kKmqiN2I7WHtDA3Q=
github.com/HimbeerserverDE/mt-multiserver-proxy v0.0.0-20210910092542-04d33fd100b6 h1:yh+5rQGP/Nt6DDBVfqKUTCNCDoYq+ffRfha1Z5MA7YA=
github.com/HimbeerserverDE/mt-multiserver-proxy v0.0.0-20210910092542-04d33fd100b6/go.mod h1:ZzKonpQA3kCRaL9oXnASb1EL3c4kKmqiN2I7WHtDA3Q=
github.com/HimbeerserverDE/mt-multiserver-proxy v0.0.0-20210910114303-c75f13002a0b h1:LNTqatC6IQ6wnY+N0x28ZFUUMOYsvfr0kPKfrxEI6W0=
github.com/HimbeerserverDE/mt-multiserver-proxy v0.0.0-20210910114303-c75f13002a0b/go.mod h1:ZzKonpQA3kCRaL9oXnASb1EL3c4kKmqiN2I7WHtDA3Q=
github.com/HimbeerserverDE/mt-multiserver-proxy v0.0.0-20210910125219-c80ff0b08e52 h1:ZuZZT7GkpQHJ7oHOi1gacLu2dyLrdAo4469xNAdngug=
github.com/HimbeerserverDE/mt-multiserver-proxy v0.0.0-20210910125219-c80ff0b08e52/go.mod h1:ZzKonpQA3kCRaL9oXnASb1EL3c4kKmqiN2I7WHtDA3Q=
github.com/HimbeerserverDE/mt-multiserver-proxy v0.0.0-20210910135221-8e40cf416a5b h1:eV4nI44ynsxwKCi+Xao5OQ1xrfw0/OsMYKp8Xa0AQxQ=
github.com/HimbeerserverDE/mt-multiserver-proxy v0.0.0-20210910135221-8e40cf416a5b/go.mod h1:ZzKonpQA3kCRaL9oXnASb1EL3c4kKmqiN2I7WHtDA3Q=
github.com/HimbeerserverDE/mt-multiserver-proxy v0.0.0-20210910141215-49d1d4f68cc5 h1:sQlQJM2xasmZOdxoGE7U1huMbId9bnGDqWnQauXdTk8=
github.com/HimbeerserverDE/mt-multiserver-proxy v0.0.0-20210910141215-49d1d4f68cc5/go.mod h1:ZzKonpQA3kCRaL9oXnASb1EL3c4kKmqiN2I7WHtDA3Q=
github.com/HimbeerserverDE/mt-multiserver-proxy v0.0.0-20210911081853-83d208ed9510 h1:uuY+4xMBxr6q5QGN/hoJAnrpHpl58sCDTeel6CaCQjU=
github.com/HimbeerserverDE/mt-multiserver-proxy v0.0.0-20210911081853-83d208ed9510/go.mod h1:ZzKonpQA3kCRaL9oXnASb1EL3c4kKmqiN2I7WHtDA3Q=
github.com/HimbeerserverDE/mt-multiserver-proxy v0.0.0-20210911082559-f46ce4b0028c h1:abahLdddcGAIN0CY16jbvEPBP0KIKNrC/EFhym+Zj3s=
github.com/HimbeerserverDE/mt-multiserver-proxy v0.0.0-20210911082559-f46ce4b0028c/go.mod h1:ZzKonpQA3kCRaL9oXnASb1EL3c4kKmqiN2I7WHtDA3Q=
github.com/HimbeerserverDE/mt-multiserver-proxy v0.0.0-20210911094938-6f2d293f12fb h1:N/ixJQ/vd3ySxD7rexT0IZDeW8rYguC9IYqSH5/XABo=
github.com/HimbeerserverDE/mt-multiserver-proxy v0.0.0-20210911094938-6f2d293f12fb/go.mod h1:ZzKonpQA3kCRaL9oXnASb1EL3c4kKmqiN2I7WHtDA3Q=
github.com/HimbeerserverDE/mt-multiserver-proxy v0.0.0-20210911101408-a0ed77943cc7 h1:ssXZ8LLUyfWszvFcS0EI9d2RudVuTgZV9YAoV1T+Tts=
github.com/HimbeerserverDE/mt-multiserver-proxy v0.0.0-20210911101408-a0ed77943cc7/go.mod h1:ZzKonpQA3kCRaL9oXnASb1EL3c4kKmqiN2I7WHtDA3Q=
github.com/HimbeerserverDE/mt-multiserver-proxy v0.0.0-20210911102550-fdbd728918e3 h1:iohw+pamH33uUbEtaG3YpaEfYJqnE5ylodYMgKwA1Dk=
github.com/HimbeerserverDE/mt-multiserver-proxy v0.0.0-20210911102550-fdbd728918e3/go.mod h1:ZzKonpQA3kCRaL9oXnASb1EL3c4kKmqiN2I7WHtDA3Q=
github.com/HimbeerserverDE/srp v0.0.0-20210331172529-2b5dbec6b82b h1:xqNC1S76U5U+eFyzr5Ld+8aPOLaDFCw6f1uddjui+h8=
github.com/HimbeerserverDE/srp v0.0.0-20210331172529-2b5dbec6b82b/go.mod h1:pxNH8S2nh4n2DWE0ToX5GnnDr/uEAuaAhJsCpkDLIWw=
github.com/anon55555/mt v0.0.0-20210623155243-152b6697e62c h1:+T4M4zm8QMMnH56jopsKcCBxItSsb6jtulB3ZKFYETU=
github.com/anon55555/mt v0.0.0-20210623155243-152b6697e62c/go.mod h1:jH4ER+ahjl7H6TczzK+q4V9sXY++U2Geh6/vt3r4Xvs=
github.com/anon55555/mt v0.0.0-20210909184202-d6ba88b091f6 h1:JcKyABhWe6hGGA4IUqoCidNiKT1CCT6Sgp4D0VY7ako=
github.com/anon55555/mt v0.0.0-20210909184202-d6ba88b091f6/go.mod h1:jH4ER+ahjl7H6TczzK+q4V9sXY++U2Geh6/vt3r4Xvs=
github.com/mattn/go-sqlite3 v1.14.8 h1:gDp86IdQsN/xWjIEmr9MF6o9mpksUgh0fu+9ByFxzIU=
github.com/mattn/go-sqlite3 v1.14.8/go.mod h1:NyWgC/yNuGj7Q9rpYnZvas74GogHl5/Z4A/KQRfk6bU=
