github.com/HimbeerserverDE/mt v0.0.0-20230608172837-a72d1c768beb h1:OGpPgSFHU8XrmpWWnDftwWrHQc/albxX4fpYsvvH8e0=
github.com/HimbeerserverDE/mt v0.0.0-20230608172837-a72d1c768beb/go.mod h1:RSf7NAuQ5zZC6CTPj5ey/uXPHOdu/oiIvHT8tH3fWK8=
github.com/HimbeerserverDE/mt-multiserver-proxy v0.0.0-20230608173802-45d308f8ee5e h1:t1dIcz8Q+aQLEXYFxCIY0W/5se/0v63Ok0gw/bdWWig=
github.com/HimbeerserverDE/mt-multiserver-proxy v0.0.0-20230608173802-45d308f8ee5e/go.mod h1:ks3HPPHKiDlJ2WrF80mqvKThL5nFm5JCVRXPz06f9Jk=
github.com/HimbeerserverDE/srp v0.0.0 h1:Iy2GIF7DJphXXO9NjncLEBO6VsZd8Yhrlxl/qTr09eE=
github.com/HimbeerserverDE/srp v0.0.0/go.mod h1:pxNH8S2nh4n2DWE0ToX5GnnDr/uEAuaAhJsCpkDLIWw=
github.com/klauspost/compress v1.16.5 h1:IFV2oUNUzZaz+XyusxpLzpzS8Pt5rh0Z16For/djlyI=
github.com/klauspost/compress v1.16.5/go.mod h1:ntbaceVETuRiXiv4DpjP66DpAtAGkEQskQzEyD//IeE=
